
Microsoft Visual Studio Solution File, Format Version 12.00
# Visual Studio Version 16
VisualStudioVersion = 16.0.31702.278
MinimumVisualStudioVersion = 10.0.40219.1
Project("{FAE04EC0-301F-11D3-BF4B-00C04F79EFBC}") = "PrudnikovPraktika", "PrudnikovPraktika\PrudnikovPraktika.csproj", "{12121FAD-1342-4590-BB75-FD53560F020C}"
EndProject
Global
	GlobalSection(SolutionConfigurationPlatforms) = preSolution
		Debug|Any CPU = Debug|Any CPU
		Release|Any CPU = Release|Any CPU
	EndGlobalSection
	GlobalSection(ProjectConfigurationPlatforms) = postSolution
		{12121FAD-1342-4590-BB75-FD53560F020C}.Debug|Any CPU.ActiveCfg = Debug|Any CPU
		{12121FAD-1342-4590-BB75-FD53560F020C}.Debug|Any CPU.Build.0 = Debug|Any CPU
		{12121FAD-1342-4590-BB75-FD53560F020C}.Release|Any CPU.ActiveCfg = Release|Any CPU
		{12121FAD-1342-4590-BB75-FD53560F020C}.Release|Any CPU.Build.0 = Release|Any CPU
	EndGlobalSection
	GlobalSection(SolutionProperties) = preSolution
		HideSolutionNode = FALSE
	EndGlobalSection
	GlobalSection(ExtensibilityGlobals) = postSolution
		SolutionGuid = {FC5D4A61-037F-4AAE-A3A6-72AFED531854}
	EndGlobalSection
EndGlobal
